
Microsoft Visual Studio Solution File, Format Version 12.00
# Visual Studio 14
VisualStudioVersion = 14.0.22823.1
MinimumVisualStudioVersion = 10.0.40219.1
Project("{FAE04EC0-301F-11D3-BF4B-00C04F79EFBC}") = "CSharpTradeOffers", "CSharpTradeOffers\CSharpTradeOffers.csproj", "{11CE73A4-5123-46F1-B668-892D6BAFCC40}"
EndProject
Project("{FAE04EC0-301F-11D3-BF4B-00C04F79EFBC}") = "CSharpTradeOffers_Tests", "CSharpTradeOffers_Tests\CSharpTradeOffers_Tests.csproj", "{5D71E2BA-3F6D-4601-AB56-2C47EDCC05CF}"
EndProject
Global
	GlobalSection(SolutionConfigurationPlatforms) = preSolution
		Debug|Any CPU = Debug|Any CPU
		Release|Any CPU = Release|Any CPU
	EndGlobalSection
	GlobalSection(ProjectConfigurationPlatforms) = postSolution
		{11CE73A4-5123-46F1-B668-892D6BAFCC40}.Debug|Any CPU.ActiveCfg = Debug|Any CPU
		{11CE73A4-5123-46F1-B668-892D6BAFCC40}.Debug|Any CPU.Build.0 = Debug|Any CPU
		{11CE73A4-5123-46F1-B668-892D6BAFCC40}.Release|Any CPU.ActiveCfg = Release|Any CPU
		{11CE73A4-5123-46F1-B668-892D6BAFCC40}.Release|Any CPU.Build.0 = Release|Any CPU
		{5D71E2BA-3F6D-4601-AB56-2C47EDCC05CF}.Debug|Any CPU.ActiveCfg = Debug|Any CPU
		{5D71E2BA-3F6D-4601-AB56-2C47EDCC05CF}.Debug|Any CPU.Build.0 = Debug|Any CPU
		{5D71E2BA-3F6D-4601-AB56-2C47EDCC05CF}.Release|Any CPU.ActiveCfg = Release|Any CPU
		{5D71E2BA-3F6D-4601-AB56-2C47EDCC05CF}.Release|Any CPU.Build.0 = Release|Any CPU
	EndGlobalSection
	GlobalSection(SolutionProperties) = preSolution
		HideSolutionNode = FALSE
	EndGlobalSection
EndGlobal
